// !$*UTF8*$!
{
	archiveVersion = 1;
	classes = {
	};
	objectVersion = 77;
		objects = {

/* Begin PBXBuildFile section */
			8A7A00012F90000100000003 /* Sparkle in Frameworks */ = {isa = PBXBuildFile; productRef = 8A7A00012F90000100000002 /* Sparkle */; };
/* End PBXBuildFile section */

/* Begin PBXContainerItemProxy section */
		7A62832B2F8AA32A007CEAA5 /* PBXContainerItemProxy */ = {
			isa = PBXContainerItemProxy;
			containerPortal = 7A6283142F8AA328007CEAA5 /* Project object */;
			proxyType = 1;
			remoteGlobalIDString = 7A62831B2F8AA328007CEAA5;
			remoteInfo = Tabora;
		};
		7A6283352F8AA32A007CEAA5 /* PBXContainerItemProxy */ = {
			isa = PBXContainerItemProxy;
			containerPortal = 7A6283142F8AA328007CEAA5 /* Project object */;
			proxyType = 1;
			remoteGlobalIDString = 7A62831B2F8AA328007CEAA5;
			remoteInfo = Tabora;
		};
/* End PBXContainerItemProxy section */

/* Begin PBXFileReference section */
		7A62831C2F8AA328007CEAA5 /* Tabora.app */ = {isa = PBXFileReference; explicitFileType = wrapper.application; includeInIndex = 0; path = Tabora.app; sourceTree = BUILT_PRODUCTS_DIR; };
		7A62832A2F8AA32A007CEAA5 /* TaboraTests.xctest */ = {isa = PBXFileReference; explicitFileType = wrapper.cfbundle; includeInIndex = 0; path = TaboraTests.xctest; sourceTree = BUILT_PRODUCTS_DIR; };
		7A6283342F8AA32A007CEAA5 /* TaboraUITests.xctest */ = {isa = PBXFileReference; explicitFileType = wrapper.cfbundle; includeInIndex = 0; path = TaboraUITests.xctest; sourceTree = BUILT_PRODUCTS_DIR; };
/* End PBXFileReference section */

/* Begin PBXFileSystemSynchronizedRootGroup section */
		7A62831E2F8AA328007CEAA5 /* Tabora */ = {
			isa = PBXFileSystemSynchronizedRootGroup;
			path = Tabora;
			sourceTree = "<group>";
		};
		7A62832D2F8AA32A007CEAA5 /* TaboraTests */ = {
			isa = PBXFileSystemSynchronizedRootGroup;
			path = TaboraTests;
			sourceTree = "<group>";
		};
		7A6283372F8AA32A007CEAA5 /* TaboraUITests */ = {
			isa = PBXFileSystemSynchronizedRootGroup;
			path = TaboraUITests;
			sourceTree = "<group>";
		};
/* End PBXFileSystemSynchronizedRootGroup section */

/* Begin PBXFrameworksBuildPhase section */
			7A6283192F8AA328007CEAA5 /* Frameworks */ = {
				isa = PBXFrameworksBuildPhase;
				buildActionMask = 2147483647;
				files = (
					8A7A00012F90000100000003 /* Sparkle in Frameworks */,
				);
				runOnlyForDeploymentPostprocessing = 0;
			};
		7A6283272F8AA32A007CEAA5 /* Frameworks */ = {
			isa = PBXFrameworksBuildPhase;
			buildActionMask = 2147483647;
			files = (
			);
			runOnlyForDeploymentPostprocessing = 0;
		};
		7A6283312F8AA32A007CEAA5 /* Frameworks */ = {
			isa = PBXFrameworksBuildPhase;
			buildActionMask = 2147483647;
			files = (
			);
			runOnlyForDeploymentPostprocessing = 0;
		};
/* End PBXFrameworksBuildPhase section */

/* Begin PBXGroup section */
		7A6283132F8AA328007CEAA5 = {
			isa = PBXGroup;
			children = (
				7A62831E2F8AA328007CEAA5 /* Tabora */,
				7A62832D2F8AA32A007CEAA5 /* TaboraTests */,
				7A6283372F8AA32A007CEAA5 /* TaboraUITests */,
				7A62831D2F8AA328007CEAA5 /* Products */,
			);
			sourceTree = "<group>";
		};
		7A62831D2F8AA328007CEAA5 /* Products */ = {
			isa = PBXGroup;
			children = (
				7A62831C2F8AA328007CEAA5 /* Tabora.app */,
				7A62832A2F8AA32A007CEAA5 /* TaboraTests.xctest */,
				7A6283342F8AA32A007CEAA5 /* TaboraUITests.xctest */,
			);
			name = Products;
			sourceTree = "<group>";
		};
/* End PBXGroup section */

/* Begin PBXNativeTarget section */
		7A62831B2F8AA328007CEAA5 /* Tabora */ = {
			isa = PBXNativeTarget;
			buildConfigurationList = 7A62833E2F8AA32A007CEAA5 /* Build configuration list for PBXNativeTarget "Tabora" */;
				buildPhases = (
					AABB00012F92000100000001 /* Generate BuildInfo */,
					7A6283182F8AA328007CEAA5 /* Sources */,
					7A6283192F8AA328007CEAA5 /* Frameworks */,
					7A62831A2F8AA328007CEAA5 /* Resources */,
				);
			buildRules = (
			);
			dependencies = (
			);
				fileSystemSynchronizedGroups = (
					7A62831E2F8AA328007CEAA5 /* Tabora */,
				);
				name = Tabora;
				packageProductDependencies = (
					8A7A00012F90000100000002 /* Sparkle */,
				);
				productName = Tabora;
			productReference = 7A62831C2F8AA328007CEAA5 /* Tabora.app */;
			productType = "com.apple.product-type.application";
		};
		7A6283292F8AA32A007CEAA5 /* TaboraTests */ = {
			isa = PBXNativeTarget;
			buildConfigurationList = 7A6283412F8AA32A007CEAA5 /* Build configuration list for PBXNativeTarget "TaboraTests" */;
			buildPhases = (
				7A6283262F8AA32A007CEAA5 /* Sources */,
				7A6283272F8AA32A007CEAA5 /* Frameworks */,
				7A6283282F8AA32A007CEAA5 /* Resources */,
			);
			buildRules = (
			);
			dependencies = (
				7A62832C2F8AA32A007CEAA5 /* PBXTargetDependency */,
			);
			fileSystemSynchronizedGroups = (
				7A62832D2F8AA32A007CEAA5 /* TaboraTests */,
			);
			name = TaboraTests;
			packageProductDependencies = (
			);
			productName = TaboraTests;
			productReference = 7A62832A2F8AA32A007CEAA5 /* TaboraTests.xctest */;
			productType = "com.apple.product-type.bundle.unit-test";
		};
		7A6283332F8AA32A007CEAA5 /* TaboraUITests */ = {
			isa = PBXNativeTarget;
			buildConfigurationList = 7A6283442F8AA32A007CEAA5 /* Build configuration list for PBXNativeTarget "TaboraUITests" */;
			buildPhases = (
				7A6283302F8AA32A007CEAA5 /* Sources */,
				7A6283312F8AA32A007CEAA5 /* Frameworks */,
				7A6283322F8AA32A007CEAA5 /* Resources */,
			);
			buildRules = (
			);
			dependencies = (
				7A6283362F8AA32A007CEAA5 /* PBXTargetDependency */,
			);
			fileSystemSynchronizedGroups = (
				7A6283372F8AA32A007CEAA5 /* TaboraUITests */,
			);
			name = TaboraUITests;
			packageProductDependencies = (
			);
			productName = TaboraUITests;
			productReference = 7A6283342F8AA32A007CEAA5 /* TaboraUITests.xctest */;
			productType = "com.apple.product-type.bundle.ui-testing";
		};
/* End PBXNativeTarget section */

/* Begin PBXProject section */
		7A6283142F8AA328007CEAA5 /* Project object */ = {
			isa = PBXProject;
			attributes = {
				BuildIndependentTargetsInParallel = 1;
				LastSwiftUpdateCheck = 1640;
				LastUpgradeCheck = 1640;
				TargetAttributes = {
					7A62831B2F8AA328007CEAA5 = {
						CreatedOnToolsVersion = 16.4;
					};
					7A6283292F8AA32A007CEAA5 = {
						CreatedOnToolsVersion = 16.4;
						TestTargetID = 7A62831B2F8AA328007CEAA5;
					};
					7A6283332F8AA32A007CEAA5 = {
						CreatedOnToolsVersion = 16.4;
						TestTargetID = 7A62831B2F8AA328007CEAA5;
					};
				};
			};
			buildConfigurationList = 7A6283172F8AA328007CEAA5 /* Build configuration list for PBXProject "Tabora" */;
			developmentRegion = en;
			hasScannedForEncodings = 0;
				knownRegions = (
					en,
					Base,
				);
				mainGroup = 7A6283132F8AA328007CEAA5;
				minimizedProjectReferenceProxies = 1;
				packageReferences = (
					8A7A00012F90000100000001 /* XCRemoteSwiftPackageReference "Sparkle" */,
				);
				preferredProjectObjectVersion = 77;
				productRefGroup = 7A62831D2F8AA328007CEAA5 /* Products */;
			projectDirPath = "";
			projectRoot = "";
			targets = (
				7A62831B2F8AA328007CEAA5 /* Tabora */,
				7A6283292F8AA32A007CEAA5 /* TaboraTests */,
				7A6283332F8AA32A007CEAA5 /* TaboraUITests */,
			);
		};
/* End PBXProject section */

/* Begin PBXResourcesBuildPhase section */
		7A62831A2F8AA328007CEAA5 /* Resources */ = {
			isa = PBXResourcesBuildPhase;
			buildActionMask = 2147483647;
			files = (
			);
			runOnlyForDeploymentPostprocessing = 0;
		};
		7A6283282F8AA32A007CEAA5 /* Resources */ = {
			isa = PBXResourcesBuildPhase;
			buildActionMask = 2147483647;
			files = (
			);
			runOnlyForDeploymentPostprocessing = 0;
		};
		7A6283322F8AA32A007CEAA5 /* Resources */ = {
			isa = PBXResourcesBuildPhase;
			buildActionMask = 2147483647;
			files = (
			);
			runOnlyForDeploymentPostprocessing = 0;
		};
/* End PBXResourcesBuildPhase section */

/* Begin PBXShellScriptBuildPhase section */
		AABB00012F92000100000001 /* Generate BuildInfo */ = {
			isa = PBXShellScriptBuildPhase;
			alwaysOutOfDate = 1;
			buildActionMask = 2147483647;
			files = (
			);
			inputPaths = (
			);
			name = "Generate BuildInfo";
			outputPaths = (
				"$(SRCROOT)/Tabora/BuildInfo.generated.swift",
			);
			runOnlyForDeploymentPostprocessing = 0;
			shellPath = /bin/sh;
			shellScript = "GIT_HASH=$(git -C \"${SRCROOT}\" rev-parse --short HEAD 2>/dev/null || echo \"unknown\")\nGIT_HASH_FULL=$(git -C \"${SRCROOT}\" rev-parse HEAD 2>/dev/null || echo \"unknown\")\nGIT_TAG=$(git -C \"${SRCROOT}\" describe --tags --abbrev=0 2>/dev/null || echo \"v${MARKETING_VERSION}\")\nGIT_VERSION=${GIT_TAG#v}\nOUTPUT=\"${SRCROOT}/Tabora/BuildInfo.generated.swift\"\necho \"// Auto-generated by Xcode Build Phase. Do not edit.\" > \"$OUTPUT\"\necho \"// Values below are placeholders overwritten at build time with git info.\" >> \"$OUTPUT\"\necho \"enum BuildInfo {\" >> \"$OUTPUT\"\necho \"    static let gitCommitHash = \\\"${GIT_HASH}\\\"\" >> \"$OUTPUT\"\necho \"    static let gitCommitHashFull = \\\"${GIT_HASH_FULL}\\\"\" >> \"$OUTPUT\"\necho \"    static let version = \\\"${GIT_VERSION}\\\"\" >> \"$OUTPUT\"\necho \"}\" >> \"$OUTPUT\"\n";
		};
/* End PBXShellScriptBuildPhase section */

/* Begin PBXSourcesBuildPhase section */
		7A6283182F8AA328007CEAA5 /* Sources */ = {
			isa = PBXSourcesBuildPhase;
			buildActionMask = 2147483647;
			files = (
			);
			runOnlyForDeploymentPostprocessing = 0;
		};
		7A6283262F8AA32A007CEAA5 /* Sources */ = {
			isa = PBXSourcesBuildPhase;
			buildActionMask = 2147483647;
			files = (
			);
			runOnlyForDeploymentPostprocessing = 0;
		};
		7A6283302F8AA32A007CEAA5 /* Sources */ = {
			isa = PBXSourcesBuildPhase;
			buildActionMask = 2147483647;
			files = (
			);
			runOnlyForDeploymentPostprocessing = 0;
		};
/* End PBXSourcesBuildPhase section */

/* Begin PBXTargetDependency section */
		7A62832C2F8AA32A007CEAA5 /* PBXTargetDependency */ = {
			isa = PBXTargetDependency;
			target = 7A62831B2F8AA328007CEAA5 /* Tabora */;
			targetProxy = 7A62832B2F8AA32A007CEAA5 /* PBXContainerItemProxy */;
		};
		7A6283362F8AA32A007CEAA5 /* PBXTargetDependency */ = {
			isa = PBXTargetDependency;
			target = 7A62831B2F8AA328007CEAA5 /* Tabora */;
			targetProxy = 7A6283352F8AA32A007CEAA5 /* PBXContainerItemProxy */;
		};
/* End PBXTargetDependency section */

/* Begin XCRemoteSwiftPackageReference section */
			8A7A00012F90000100000001 /* XCRemoteSwiftPackageReference "Sparkle" */ = {
				isa = XCRemoteSwiftPackageReference;
				repositoryURL = "https://github.com/sparkle-project/Sparkle";
				requirement = {
					kind = upToNextMajorVersion;
					minimumVersion = 2.9.0;
				};
			};
/* End XCRemoteSwiftPackageReference section */

/* Begin XCSwiftPackageProductDependency section */
			8A7A00012F90000100000002 /* Sparkle */ = {
				isa = XCSwiftPackageProductDependency;
				package = 8A7A00012F90000100000001 /* XCRemoteSwiftPackageReference "Sparkle" */;
				productName = Sparkle;
			};
/* End XCSwiftPackageProductDependency section */

/* Begin XCBuildConfiguration section */
		7A62833C2F8AA32A007CEAA5 /* Debug */ = {
			isa = XCBuildConfiguration;
			buildSettings = {
				ALWAYS_SEARCH_USER_PATHS = NO;
				ASSETCATALOG_COMPILER_GENERATE_SWIFT_ASSET_SYMBOL_EXTENSIONS = YES;
				CLANG_ANALYZER_NONNULL = YES;
				CLANG_ANALYZER_NUMBER_OBJECT_CONVERSION = YES_AGGRESSIVE;
				CLANG_CXX_LANGUAGE_STANDARD = "gnu++20";
				CLANG_ENABLE_MODULES = YES;
				CLANG_ENABLE_OBJC_ARC = YES;
				CLANG_ENABLE_OBJC_WEAK = YES;
				CLANG_WARN_BLOCK_CAPTURE_AUTORELEASING = YES;
				CLANG_WARN_BOOL_CONVERSION = YES;
				CLANG_WARN_COMMA = YES;
				CLANG_WARN_CONSTANT_CONVERSION = YES;
				CLANG_WARN_DEPRECATED_OBJC_IMPLEMENTATIONS = YES;
				CLANG_WARN_DIRECT_OBJC_ISA_USAGE = YES_ERROR;
				CLANG_WARN_DOCUMENTATION_COMMENTS = YES;
				CLANG_WARN_EMPTY_BODY = YES;
				CLANG_WARN_ENUM_CONVERSION = YES;
				CLANG_WARN_INFINITE_RECURSION = YES;
				CLANG_WARN_INT_CONVERSION = YES;
				CLANG_WARN_NON_LITERAL_NULL_CONVERSION = YES;
				CLANG_WARN_OBJC_IMPLICIT_RETAIN_SELF = YES;
				CLANG_WARN_OBJC_LITERAL_CONVERSION = YES;
				CLANG_WARN_OBJC_ROOT_CLASS = YES_ERROR;
				CLANG_WARN_QUOTED_INCLUDE_IN_FRAMEWORK_HEADER = YES;
				CLANG_WARN_RANGE_LOOP_ANALYSIS = YES;
				CLANG_WARN_STRICT_PROTOTYPES = YES;
				CLANG_WARN_SUSPICIOUS_MOVE = YES;
				CLANG_WARN_UNGUARDED_AVAILABILITY = YES_AGGRESSIVE;
				CLANG_WARN_UNREACHABLE_CODE = YES;
				CLANG_WARN__DUPLICATE_METHOD_MATCH = YES;
				COPY_PHASE_STRIP = NO;
				DEBUG_INFORMATION_FORMAT = dwarf;
				ENABLE_STRICT_OBJC_MSGSEND = YES;
				ENABLE_TESTABILITY = YES;
				ENABLE_USER_SCRIPT_SANDBOXING = NO;
				GCC_C_LANGUAGE_STANDARD = gnu17;
				GCC_DYNAMIC_NO_PIC = NO;
				GCC_NO_COMMON_BLOCKS = YES;
				GCC_OPTIMIZATION_LEVEL = 0;
				GCC_PREPROCESSOR_DEFINITIONS = (
					"DEBUG=1",
					"$(inherited)",
				);
				GCC_WARN_64_TO_32_BIT_CONVERSION = YES;
				GCC_WARN_ABOUT_RETURN_TYPE = YES_ERROR;
				GCC_WARN_UNDECLARED_SELECTOR = YES;
				GCC_WARN_UNINITIALIZED_AUTOS = YES_AGGRESSIVE;
				GCC_WARN_UNUSED_FUNCTION = YES;
				GCC_WARN_UNUSED_VARIABLE = YES;
				LOCALIZATION_PREFERS_STRING_CATALOGS = YES;
				MACOSX_DEPLOYMENT_TARGET = 15.5;
				MTL_ENABLE_DEBUG_INFO = INCLUDE_SOURCE;
				MTL_FAST_MATH = YES;
				ONLY_ACTIVE_ARCH = YES;
				SDKROOT = macosx;
				SWIFT_ACTIVE_COMPILATION_CONDITIONS = "DEBUG $(inherited)";
				SWIFT_OPTIMIZATION_LEVEL = "-Onone";
			};
			name = Debug;
		};
		7A62833D2F8AA32A007CEAA5 /* Release */ = {
			isa = XCBuildConfiguration;
			buildSettings = {
				ALWAYS_SEARCH_USER_PATHS = NO;
				ASSETCATALOG_COMPILER_GENERATE_SWIFT_ASSET_SYMBOL_EXTENSIONS = YES;
				CLANG_ANALYZER_NONNULL = YES;
				CLANG_ANALYZER_NUMBER_OBJECT_CONVERSION = YES_AGGRESSIVE;
				CLANG_CXX_LANGUAGE_STANDARD = "gnu++20";
				CLANG_ENABLE_MODULES = YES;
				CLANG_ENABLE_OBJC_ARC = YES;
				CLANG_ENABLE_OBJC_WEAK = YES;
				CLANG_WARN_BLOCK_CAPTURE_AUTORELEASING = YES;
				CLANG_WARN_BOOL_CONVERSION = YES;
				CLANG_WARN_COMMA = YES;
				CLANG_WARN_CONSTANT_CONVERSION = YES;
				CLANG_WARN_DEPRECATED_OBJC_IMPLEMENTATIONS = YES;
				CLANG_WARN_DIRECT_OBJC_ISA_USAGE = YES_ERROR;
				CLANG_WARN_DOCUMENTATION_COMMENTS = YES;
				CLANG_WARN_EMPTY_BODY = YES;
				CLANG_WARN_ENUM_CONVERSION = YES;
				CLANG_WARN_INFINITE_RECURSION = YES;
				CLANG_WARN_INT_CONVERSION = YES;
				CLANG_WARN_NON_LITERAL_NULL_CONVERSION = YES;
				CLANG_WARN_OBJC_IMPLICIT_RETAIN_SELF = YES;
				CLANG_WARN_OBJC_LITERAL_CONVERSION = YES;
				CLANG_WARN_OBJC_ROOT_CLASS = YES_ERROR;
				CLANG_WARN_QUOTED_INCLUDE_IN_FRAMEWORK_HEADER = YES;
				CLANG_WARN_RANGE_LOOP_ANALYSIS = YES;
				CLANG_WARN_STRICT_PROTOTYPES = YES;
				CLANG_WARN_SUSPICIOUS_MOVE = YES;
				CLANG_WARN_UNGUARDED_AVAILABILITY = YES_AGGRESSIVE;
				CLANG_WARN_UNREACHABLE_CODE = YES;
				CLANG_WARN__DUPLICATE_METHOD_MATCH = YES;
				COPY_PHASE_STRIP = NO;
				DEBUG_INFORMATION_FORMAT = "dwarf-with-dsym";
				ENABLE_NS_ASSERTIONS = NO;
				ENABLE_STRICT_OBJC_MSGSEND = YES;
				ENABLE_USER_SCRIPT_SANDBOXING = NO;
				GCC_C_LANGUAGE_STANDARD = gnu17;
				GCC_NO_COMMON_BLOCKS = YES;
				GCC_WARN_64_TO_32_BIT_CONVERSION = YES;
				GCC_WARN_ABOUT_RETURN_TYPE = YES_ERROR;
				GCC_WARN_UNDECLARED_SELECTOR = YES;
				GCC_WARN_UNINITIALIZED_AUTOS = YES_AGGRESSIVE;
				GCC_WARN_UNUSED_FUNCTION = YES;
				GCC_WARN_UNUSED_VARIABLE = YES;
				LOCALIZATION_PREFERS_STRING_CATALOGS = YES;
				MACOSX_DEPLOYMENT_TARGET = 15.5;
				MTL_ENABLE_DEBUG_INFO = NO;
				MTL_FAST_MATH = YES;
				SDKROOT = macosx;
				SWIFT_COMPILATION_MODE = wholemodule;
			};
			name = Release;
		};
		7A62833F2F8AA32A007CEAA5 /* Debug */ = {
			isa = XCBuildConfiguration;
			buildSettings = {
				ASSETCATALOG_COMPILER_APPICON_NAME = AppIcon;
				ASSETCATALOG_COMPILER_GLOBAL_ACCENT_COLOR_NAME = AccentColor;
				CODE_SIGN_ENTITLEMENTS = Tabora/Tabora.entitlements;
					CODE_SIGN_STYLE = Automatic;
					COMBINE_HIDPI_IMAGES = YES;
					CURRENT_PROJECT_VERSION = 1;
					ENABLE_PREVIEWS = YES;
					GENERATE_INFOPLIST_FILE = NO;
					INFOPLIST_FILE = Config/Tabora-Info.plist;
					INFOPLIST_KEY_NSHumanReadableCopyright = "";
					LD_RUNPATH_SEARCH_PATHS = (
						"$(inherited)",
						"@executable_path/../Frameworks",
				);
				MARKETING_VERSION = 1.0;
				PRODUCT_BUNDLE_IDENTIFIER = com.mkusaka.Tabora;
				PRODUCT_NAME = "$(TARGET_NAME)";
				REGISTER_APP_GROUPS = YES;
				SWIFT_EMIT_LOC_STRINGS = YES;
				SWIFT_VERSION = 5.0;
			};
			name = Debug;
		};
		7A6283402F8AA32A007CEAA5 /* Release */ = {
			isa = XCBuildConfiguration;
			buildSettings = {
				ASSETCATALOG_COMPILER_APPICON_NAME = AppIcon;
				ASSETCATALOG_COMPILER_GLOBAL_ACCENT_COLOR_NAME = AccentColor;
				CODE_SIGN_ENTITLEMENTS = Tabora/Tabora.entitlements;
					CODE_SIGN_STYLE = Automatic;
					COMBINE_HIDPI_IMAGES = YES;
					CURRENT_PROJECT_VERSION = 1;
					ENABLE_PREVIEWS = YES;
					GENERATE_INFOPLIST_FILE = NO;
					INFOPLIST_FILE = Config/Tabora-Info.plist;
					INFOPLIST_KEY_NSHumanReadableCopyright = "";
					LD_RUNPATH_SEARCH_PATHS = (
						"$(inherited)",
						"@executable_path/../Frameworks",
				);
				MARKETING_VERSION = 1.0;
				PRODUCT_BUNDLE_IDENTIFIER = com.mkusaka.Tabora;
				PRODUCT_NAME = "$(TARGET_NAME)";
				REGISTER_APP_GROUPS = YES;
				SWIFT_EMIT_LOC_STRINGS = YES;
				SWIFT_VERSION = 5.0;
			};
			name = Release;
		};
		7A6283422F8AA32A007CEAA5 /* Debug */ = {
			isa = XCBuildConfiguration;
			buildSettings = {
				BUNDLE_LOADER = "$(TEST_HOST)";
				CODE_SIGN_STYLE = Automatic;
				CURRENT_PROJECT_VERSION = 1;
				GENERATE_INFOPLIST_FILE = YES;
				MACOSX_DEPLOYMENT_TARGET = 15.5;
				MARKETING_VERSION = 1.0;
				PRODUCT_BUNDLE_IDENTIFIER = com.mkusaka.TaboraTests;
				PRODUCT_NAME = "$(TARGET_NAME)";
				SWIFT_EMIT_LOC_STRINGS = NO;
				SWIFT_VERSION = 5.0;
				TEST_HOST = "$(BUILT_PRODUCTS_DIR)/Tabora.app/$(BUNDLE_EXECUTABLE_FOLDER_PATH)/Tabora";
			};
			name = Debug;
		};
		7A6283432F8AA32A007CEAA5 /* Release */ = {
			isa = XCBuildConfiguration;
			buildSettings = {
				BUNDLE_LOADER = "$(TEST_HOST)";
				CODE_SIGN_STYLE = Automatic;
				CURRENT_PROJECT_VERSION = 1;
				GENERATE_INFOPLIST_FILE = YES;
				MACOSX_DEPLOYMENT_TARGET = 15.5;
				MARKETING_VERSION = 1.0;
				PRODUCT_BUNDLE_IDENTIFIER = com.mkusaka.TaboraTests;
				PRODUCT_NAME = "$(TARGET_NAME)";
				SWIFT_EMIT_LOC_STRINGS = NO;
				SWIFT_VERSION = 5.0;
				TEST_HOST = "$(BUILT_PRODUCTS_DIR)/Tabora.app/$(BUNDLE_EXECUTABLE_FOLDER_PATH)/Tabora";
			};
			name = Release;
		};
		7A6283452F8AA32A007CEAA5 /* Debug */ = {
			isa = XCBuildConfiguration;
			buildSettings = {
				CODE_SIGN_STYLE = Automatic;
				CURRENT_PROJECT_VERSION = 1;
				GENERATE_INFOPLIST_FILE = YES;
				MARKETING_VERSION = 1.0;
				PRODUCT_BUNDLE_IDENTIFIER = com.mkusaka.TaboraUITests;
				PRODUCT_NAME = "$(TARGET_NAME)";
				SWIFT_EMIT_LOC_STRINGS = NO;
				SWIFT_VERSION = 5.0;
				TEST_TARGET_NAME = Tabora;
			};
			name = Debug;
		};
		7A6283462F8AA32A007CEAA5 /* Release */ = {
			isa = XCBuildConfiguration;
			buildSettings = {
				CODE_SIGN_STYLE = Automatic;
				CURRENT_PROJECT_VERSION = 1;
				GENERATE_INFOPLIST_FILE = YES;
				MARKETING_VERSION = 1.0;
				PRODUCT_BUNDLE_IDENTIFIER = com.mkusaka.TaboraUITests;
				PRODUCT_NAME = "$(TARGET_NAME)";
				SWIFT_EMIT_LOC_STRINGS = NO;
				SWIFT_VERSION = 5.0;
				TEST_TARGET_NAME = Tabora;
			};
			name = Release;
		};
/* End XCBuildConfiguration section */

/* Begin XCConfigurationList section */
		7A6283172F8AA328007CEAA5 /* Build configuration list for PBXProject "Tabora" */ = {
			isa = XCConfigurationList;
			buildConfigurations = (
				7A62833C2F8AA32A007CEAA5 /* Debug */,
				7A62833D2F8AA32A007CEAA5 /* Release */,
			);
			defaultConfigurationIsVisible = 0;
			defaultConfigurationName = Release;
		};
		7A62833E2F8AA32A007CEAA5 /* Build configuration list for PBXNativeTarget "Tabora" */ = {
			isa = XCConfigurationList;
			buildConfigurations = (
				7A62833F2F8AA32A007CEAA5 /* Debug */,
				7A6283402F8AA32A007CEAA5 /* Release */,
			);
			defaultConfigurationIsVisible = 0;
			defaultConfigurationName = Release;
		};
		7A6283412F8AA32A007CEAA5 /* Build configuration list for PBXNativeTarget "TaboraTests" */ = {
			isa = XCConfigurationList;
			buildConfigurations = (
				7A6283422F8AA32A007CEAA5 /* Debug */,
				7A6283432F8AA32A007CEAA5 /* Release */,
			);
			defaultConfigurationIsVisible = 0;
			defaultConfigurationName = Release;
		};
		7A6283442F8AA32A007CEAA5 /* Build configuration list for PBXNativeTarget "TaboraUITests" */ = {
			isa = XCConfigurationList;
			buildConfigurations = (
				7A6283452F8AA32A007CEAA5 /* Debug */,
				7A6283462F8AA32A007CEAA5 /* Release */,
			);
			defaultConfigurationIsVisible = 0;
			defaultConfigurationName = Release;
		};
/* End XCConfigurationList section */
	};
	rootObject = 7A6283142F8AA328007CEAA5 /* Project object */;
}
